
Microsoft Visual Studio Solution File, Format Version 12.00
# Visual Studio 15
VisualStudioVersion = 15.0.28307.960
MinimumVisualStudioVersion = 10.0.40219.1
Project("{FAE04EC0-301F-11D3-BF4B-00C04F79EFBC}") = "ProjectDemo", "ProjectDemo\ProjectDemo.csproj", "{140DBB45-6A6A-48B5-9496-460ED009136D}"
EndProject
Global
	GlobalSection(SolutionConfigurationPlatforms) = preSolution
		Debug|Any CPU = Debug|Any CPU
		Release|Any CPU = Release|Any CPU
	EndGlobalSection
	GlobalSection(ProjectConfigurationPlatforms) = postSolution
		{140DBB45-6A6A-48B5-9496-460ED009136D}.Debug|Any CPU.ActiveCfg = Debug|Any CPU
		{140DBB45-6A6A-48B5-9496-460ED009136D}.Debug|Any CPU.Build.0 = Debug|Any CPU
		{140DBB45-6A6A-48B5-9496-460ED009136D}.Release|Any CPU.ActiveCfg = Release|Any CPU
		{140DBB45-6A6A-48B5-9496-460ED009136D}.Release|Any CPU.Build.0 = Release|Any CPU
	EndGlobalSection
	GlobalSection(SolutionProperties) = preSolution
		HideSolutionNode = FALSE
	EndGlobalSection
	GlobalSection(ExtensibilityGlobals) = postSolution
		SolutionGuid = {F9DEB293-2C69-4E91-AD6C-59B3446E7BF7}
	EndGlobalSection
EndGlobal
